
Microsoft Visual Studio Solution File, Format Version 12.00
# Visual Studio Version 17
VisualStudioVersion = 17.6.33829.357
MinimumVisualStudioVersion = 10.0.40219.1
Project("{A07B5EB6-E848-4116-A8D0-A826331D98C6}") = "StoreApp", "StoreApp\StoreApp.sfproj", "{D705A1B0-D4CF-4F93-B94C-102E0CD15B9F}"
EndProject
Project("{9A19103F-16F7-4668-BE54-9A1E7A4F7556}") = "IdentityService", "IdentityService\IdentityService.csproj", "{AABFCF31-80D1-4796-B499-36B0402013B1}"
EndProject
Project("{9A19103F-16F7-4668-BE54-9A1E7A4F7556}") = "Common", "Common\Common.csproj", "{36FFCA00-C985-4962-95F9-21A069066DEA}"
EndProject
Project("{9A19103F-16F7-4668-BE54-9A1E7A4F7556}") = "ProductCatalogService", "ProductCatalogService\ProductCatalogService.csproj", "{56ED0657-A0B4-4F91-AFE9-24BFE8EFD0DB}"
EndProject
Project("{9A19103F-16F7-4668-BE54-9A1E7A4F7556}") = "BasketService", "BasketService\BasketService.csproj", "{4D139080-8A7E-44BE-9687-61685B651664}"
EndProject
Project("{9A19103F-16F7-4668-BE54-9A1E7A4F7556}") = "ApiGateway", "ApiGateway\ApiGateway.csproj", "{18CE3DDD-0E50-47E8-AF9B-1D00A9FF616F}"
EndProject
Project("{FAE04EC0-301F-11D3-BF4B-00C04F79EFBC}") = "OrderService", "OrderService\OrderService.csproj", "{EF4EBBEC-B2A9-430B-B26C-C98C38C9B32A}"
EndProject
Global
	GlobalSection(SolutionConfigurationPlatforms) = preSolution
		Debug|Any CPU = Debug|Any CPU
		Debug|x64 = Debug|x64
		Release|Any CPU = Release|Any CPU
		Release|x64 = Release|x64
	EndGlobalSection
	GlobalSection(ProjectConfigurationPlatforms) = postSolution
		{D705A1B0-D4CF-4F93-B94C-102E0CD15B9F}.Debug|Any CPU.ActiveCfg = Debug|x64
		{D705A1B0-D4CF-4F93-B94C-102E0CD15B9F}.Debug|Any CPU.Build.0 = Debug|x64
		{D705A1B0-D4CF-4F93-B94C-102E0CD15B9F}.Debug|Any CPU.Deploy.0 = Debug|x64
		{D705A1B0-D4CF-4F93-B94C-102E0CD15B9F}.Debug|x64.ActiveCfg = Debug|x64
		{D705A1B0-D4CF-4F93-B94C-102E0CD15B9F}.Debug|x64.Build.0 = Debug|x64
		{D705A1B0-D4CF-4F93-B94C-102E0CD15B9F}.Debug|x64.Deploy.0 = Debug|x64
		{D705A1B0-D4CF-4F93-B94C-102E0CD15B9F}.Release|Any CPU.ActiveCfg = Release|x64
		{D705A1B0-D4CF-4F93-B94C-102E0CD15B9F}.Release|Any CPU.Build.0 = Release|x64
		{D705A1B0-D4CF-4F93-B94C-102E0CD15B9F}.Release|Any CPU.Deploy.0 = Release|x64
		{D705A1B0-D4CF-4F93-B94C-102E0CD15B9F}.Release|x64.ActiveCfg = Release|x64
		{D705A1B0-D4CF-4F93-B94C-102E0CD15B9F}.Release|x64.Build.0 = Release|x64
		{D705A1B0-D4CF-4F93-B94C-102E0CD15B9F}.Release|x64.Deploy.0 = Release|x64
		{AABFCF31-80D1-4796-B499-36B0402013B1}.Debug|Any CPU.ActiveCfg = Debug|Any CPU
		{AABFCF31-80D1-4796-B499-36B0402013B1}.Debug|Any CPU.Build.0 = Debug|Any CPU
		{AABFCF31-80D1-4796-B499-36B0402013B1}.Debug|x64.ActiveCfg = Debug|Any CPU
		{AABFCF31-80D1-4796-B499-36B0402013B1}.Debug|x64.Build.0 = Debug|Any CPU
		{AABFCF31-80D1-4796-B499-36B0402013B1}.Release|Any CPU.ActiveCfg = Release|Any CPU
		{AABFCF31-80D1-4796-B499-36B0402013B1}.Release|Any CPU.Build.0 = Release|Any CPU
		{AABFCF31-80D1-4796-B499-36B0402013B1}.Release|x64.ActiveCfg = Release|Any CPU
		{AABFCF31-80D1-4796-B499-36B0402013B1}.Release|x64.Build.0 = Release|Any CPU
		{36FFCA00-C985-4962-95F9-21A069066DEA}.Debug|Any CPU.ActiveCfg = Debug|Any CPU
		{36FFCA00-C985-4962-95F9-21A069066DEA}.Debug|Any CPU.Build.0 = Debug|Any CPU
		{36FFCA00-C985-4962-95F9-21A069066DEA}.Debug|x64.ActiveCfg = Debug|Any CPU
		{36FFCA00-C985-4962-95F9-21A069066DEA}.Debug|x64.Build.0 = Debug|Any CPU
		{36FFCA00-C985-4962-95F9-21A069066DEA}.Release|Any CPU.ActiveCfg = Release|Any CPU
		{36FFCA00-C985-4962-95F9-21A069066DEA}.Release|Any CPU.Build.0 = Release|Any CPU
		{36FFCA00-C985-4962-95F9-21A069066DEA}.Release|x64.ActiveCfg = Release|Any CPU
		{36FFCA00-C985-4962-95F9-21A069066DEA}.Release|x64.Build.0 = Release|Any CPU
		{56ED0657-A0B4-4F91-AFE9-24BFE8EFD0DB}.Debug|Any CPU.ActiveCfg = Debug|Any CPU
		{56ED0657-A0B4-4F91-AFE9-24BFE8EFD0DB}.Debug|Any CPU.Build.0 = Debug|Any CPU
		{56ED0657-A0B4-4F91-AFE9-24BFE8EFD0DB}.Debug|x64.ActiveCfg = Debug|Any CPU
		{56ED0657-A0B4-4F91-AFE9-24BFE8EFD0DB}.Debug|x64.Build.0 = Debug|Any CPU
		{56ED0657-A0B4-4F91-AFE9-24BFE8EFD0DB}.Release|Any CPU.ActiveCfg = Release|Any CPU
		{56ED0657-A0B4-4F91-AFE9-24BFE8EFD0DB}.Release|Any CPU.Build.0 = Release|Any CPU
		{56ED0657-A0B4-4F91-AFE9-24BFE8EFD0DB}.Release|x64.ActiveCfg = Release|Any CPU
		{56ED0657-A0B4-4F91-AFE9-24BFE8EFD0DB}.Release|x64.Build.0 = Release|Any CPU
		{4D139080-8A7E-44BE-9687-61685B651664}.Debug|Any CPU.ActiveCfg = Debug|Any CPU
		{4D139080-8A7E-44BE-9687-61685B651664}.Debug|Any CPU.Build.0 = Debug|Any CPU
		{4D139080-8A7E-44BE-9687-61685B651664}.Debug|x64.ActiveCfg = Debug|Any CPU
		{4D139080-8A7E-44BE-9687-61685B651664}.Debug|x64.Build.0 = Debug|Any CPU
		{4D139080-8A7E-44BE-9687-61685B651664}.Release|Any CPU.ActiveCfg = Release|Any CPU
		{4D139080-8A7E-44BE-9687-61685B651664}.Release|Any CPU.Build.0 = Release|Any CPU
		{4D139080-8A7E-44BE-9687-61685B651664}.Release|x64.ActiveCfg = Release|Any CPU
		{4D139080-8A7E-44BE-9687-61685B651664}.Release|x64.Build.0 = Release|Any CPU
		{18CE3DDD-0E50-47E8-AF9B-1D00A9FF616F}.Debug|Any CPU.ActiveCfg = Debug|Any CPU
		{18CE3DDD-0E50-47E8-AF9B-1D00A9FF616F}.Debug|Any CPU.Build.0 = Debug|Any CPU
		{18CE3DDD-0E50-47E8-AF9B-1D00A9FF616F}.Debug|x64.ActiveCfg = Debug|Any CPU
		{18CE3DDD-0E50-47E8-AF9B-1D00A9FF616F}.Debug|x64.Build.0 = Debug|Any CPU
		{18CE3DDD-0E50-47E8-AF9B-1D00A9FF616F}.Release|Any CPU.ActiveCfg = Release|Any CPU
		{18CE3DDD-0E50-47E8-AF9B-1D00A9FF616F}.Release|Any CPU.Build.0 = Release|Any CPU
		{18CE3DDD-0E50-47E8-AF9B-1D00A9FF616F}.Release|x64.ActiveCfg = Release|Any CPU
		{18CE3DDD-0E50-47E8-AF9B-1D00A9FF616F}.Release|x64.Build.0 = Release|Any CPU
		{EF4EBBEC-B2A9-430B-B26C-C98C38C9B32A}.Debug|Any CPU.ActiveCfg = Debug|Any CPU
		{EF4EBBEC-B2A9-430B-B26C-C98C38C9B32A}.Debug|Any CPU.Build.0 = Debug|Any CPU
		{EF4EBBEC-B2A9-430B-B26C-C98C38C9B32A}.Debug|x64.ActiveCfg = Debug|Any CPU
		{EF4EBBEC-B2A9-430B-B26C-C98C38C9B32A}.Debug|x64.Build.0 = Debug|Any CPU
		{EF4EBBEC-B2A9-430B-B26C-C98C38C9B32A}.Release|Any CPU.ActiveCfg = Release|Any CPU
		{EF4EBBEC-B2A9-430B-B26C-C98C38C9B32A}.Release|Any CPU.Build.0 = Release|Any CPU
		{EF4EBBEC-B2A9-430B-B26C-C98C38C9B32A}.Release|x64.ActiveCfg = Release|Any CPU
		{EF4EBBEC-B2A9-430B-B26C-C98C38C9B32A}.Release|x64.Build.0 = Release|Any CPU
	EndGlobalSection
	GlobalSection(SolutionProperties) = preSolution
		HideSolutionNode = FALSE
	EndGlobalSection
	GlobalSection(ExtensibilityGlobals) = postSolution
		SolutionGuid = {8F58A8C8-2EEE-4A95-893D-D281F9B263DF}
	EndGlobalSection
EndGlobal
